Microsoft Visual Studio Solution File, Format Version 12.00
# Visual Studio 2012
Project("{FAE04EC0-301F-11D3-BF4B-00C04F79EFBC}") = "test", "test.csproj", "{BC1E2FE0-9DA7-407C-853C-E232162F7B50}"
EndProject
Global
	GlobalSection(SolutionConfigurationPlatforms) = preSolution
	Debug|Any CPU = Debug|Any CPU
	ExportDebug|Any CPU = ExportDebug|Any CPU
	ExportRelease|Any CPU = ExportRelease|Any CPU
	EndGlobalSection
	GlobalSection(ProjectConfigurationPlatforms) = postSolution
		{BC1E2FE0-9DA7-407C-853C-E232162F7B50}.Debug|Any CPU.ActiveCfg = Debug|Any CPU
		{BC1E2FE0-9DA7-407C-853C-E232162F7B50}.Debug|Any CPU.Build.0 = Debug|Any CPU
		{BC1E2FE0-9DA7-407C-853C-E232162F7B50}.ExportDebug|Any CPU.ActiveCfg = ExportDebug|Any CPU
		{BC1E2FE0-9DA7-407C-853C-E232162F7B50}.ExportDebug|Any CPU.Build.0 = ExportDebug|Any CPU
		{BC1E2FE0-9DA7-407C-853C-E232162F7B50}.ExportRelease|Any CPU.ActiveCfg = ExportRelease|Any CPU
		{BC1E2FE0-9DA7-407C-853C-E232162F7B50}.ExportRelease|Any CPU.Build.0 = ExportRelease|Any CPU
	EndGlobalSection
EndGlobal
